
Microsoft Visual Studio Solution File, Format Version 12.00
# Visual Studio Version 17
VisualStudioVersion = 17.12.35707.178 d17.12
MinimumVisualStudioVersion = 10.0.40219.1
Project("{FAE04EC0-301F-11D3-BF4B-00C04F79EFBC}") = "ProductsMicroService.API", "ProductsMicroService.API\ProductsMicroService.API.csproj", "{EFFD588A-9972-40C2-AF60-7C06F4D9B83B}"
EndProject
Project("{FAE04EC0-301F-11D3-BF4B-00C04F79EFBC}") = "DataAccessLayer", "DataAccessLayer\DataAccessLayer.csproj", "{BF0A9693-707F-45C5-99D8-740DEFC20C59}"
EndProject
Project("{FAE04EC0-301F-11D3-BF4B-00C04F79EFBC}") = "BusinessLogicLayer", "BusinessLogicLayer\BusinessLogicLayer.csproj", "{D9AF99E4-616E-4B9A-A89F-0A184789DFB3}"
EndProject
Global
	GlobalSection(SolutionConfigurationPlatforms) = preSolution
		Debug|Any CPU = Debug|Any CPU
		Release|Any CPU = Release|Any CPU
	EndGlobalSection
	GlobalSection(ProjectConfigurationPlatforms) = postSolution
		{EFFD588A-9972-40C2-AF60-7C06F4D9B83B}.Debug|Any CPU.ActiveCfg = Debug|Any CPU
		{EFFD588A-9972-40C2-AF60-7C06F4D9B83B}.Debug|Any CPU.Build.0 = Debug|Any CPU
		{EFFD588A-9972-40C2-AF60-7C06F4D9B83B}.Release|Any CPU.ActiveCfg = Release|Any CPU
		{EFFD588A-9972-40C2-AF60-7C06F4D9B83B}.Release|Any CPU.Build.0 = Release|Any CPU
		{BF0A9693-707F-45C5-99D8-740DEFC20C59}.Debug|Any CPU.ActiveCfg = Debug|Any CPU
		{BF0A9693-707F-45C5-99D8-740DEFC20C59}.Debug|Any CPU.Build.0 = Debug|Any CPU
		{BF0A9693-707F-45C5-99D8-740DEFC20C59}.Release|Any CPU.ActiveCfg = Release|Any CPU
		{BF0A9693-707F-45C5-99D8-740DEFC20C59}.Release|Any CPU.Build.0 = Release|Any CPU
		{D9AF99E4-616E-4B9A-A89F-0A184789DFB3}.Debug|Any CPU.ActiveCfg = Debug|Any CPU
		{D9AF99E4-616E-4B9A-A89F-0A184789DFB3}.Debug|Any CPU.Build.0 = Debug|Any CPU
		{D9AF99E4-616E-4B9A-A89F-0A184789DFB3}.Release|Any CPU.ActiveCfg = Release|Any CPU
		{D9AF99E4-616E-4B9A-A89F-0A184789DFB3}.Release|Any CPU.Build.0 = Release|Any CPU
	EndGlobalSection
	GlobalSection(SolutionProperties) = preSolution
		HideSolutionNode = FALSE
	EndGlobalSection
EndGlobal
